
Microsoft Visual Studio Solution File, Format Version 12.00
# Visual Studio Version 16
VisualStudioVersion = 16.0.28803.452
MinimumVisualStudioVersion = 10.0.40219.1
Project("{FAE04EC0-301F-11D3-BF4B-00C04F79EFBC}") = "GrpcSample.Server", "GrpcSample.Server\GrpcSample.Server.csproj", "{529BD567-5E67-4F58-8807-87B05F8D098F}"
EndProject
Project("{FAE04EC0-301F-11D3-BF4B-00C04F79EFBC}") = "GrpcSample.Web", "GrpcSample.Web\GrpcSample.Web.csproj", "{ACE722A5-F53D-41D3-B846-3E15CA200498}"
EndProject
Project("{FAE04EC0-301F-11D3-BF4B-00C04F79EFBC}") = "GrpcSample.BiDirectionalStreamingConsole", "GrpcSample.BiDirectionalStreamingConsole\GrpcSample.BiDirectionalStreamingConsole.csproj", "{9A637B08-C2EC-4A25-9909-B3D0CF321BE9}"
EndProject
Global
	GlobalSection(SolutionConfigurationPlatforms) = preSolution
		Debug|Any CPU = Debug|Any CPU
		Release|Any CPU = Release|Any CPU
	EndGlobalSection
	GlobalSection(ProjectConfigurationPlatforms) = postSolution
		{529BD567-5E67-4F58-8807-87B05F8D098F}.Debug|Any CPU.ActiveCfg = Debug|Any CPU
		{529BD567-5E67-4F58-8807-87B05F8D098F}.Debug|Any CPU.Build.0 = Debug|Any CPU
		{529BD567-5E67-4F58-8807-87B05F8D098F}.Release|Any CPU.ActiveCfg = Release|Any CPU
		{529BD567-5E67-4F58-8807-87B05F8D098F}.Release|Any CPU.Build.0 = Release|Any CPU
		{ACE722A5-F53D-41D3-B846-3E15CA200498}.Debug|Any CPU.ActiveCfg = Debug|Any CPU
		{ACE722A5-F53D-41D3-B846-3E15CA200498}.Debug|Any CPU.Build.0 = Debug|Any CPU
		{ACE722A5-F53D-41D3-B846-3E15CA200498}.Release|Any CPU.ActiveCfg = Release|Any CPU
		{ACE722A5-F53D-41D3-B846-3E15CA200498}.Release|Any CPU.Build.0 = Release|Any CPU
		{9A637B08-C2EC-4A25-9909-B3D0CF321BE9}.Debug|Any CPU.ActiveCfg = Debug|Any CPU
		{9A637B08-C2EC-4A25-9909-B3D0CF321BE9}.Debug|Any CPU.Build.0 = Debug|Any CPU
		{9A637B08-C2EC-4A25-9909-B3D0CF321BE9}.Release|Any CPU.ActiveCfg = Release|Any CPU
		{9A637B08-C2EC-4A25-9909-B3D0CF321BE9}.Release|Any CPU.Build.0 = Release|Any CPU
	EndGlobalSection
	GlobalSection(SolutionProperties) = preSolution
		HideSolutionNode = FALSE
	EndGlobalSection
	GlobalSection(ExtensibilityGlobals) = postSolution
		SolutionGuid = {827FCBBC-7218-4FD0-9C9D-963D14BE99AF}
	EndGlobalSection
EndGlobal
